{
  "version": 4,
  "terraform_version": "1.8.5",
  "serial": 33,
  "lineage": "37cae9c2-c657-cd76-141f-896aaded9758",
  "outputs": {},
  "resources": [
    {
      "module": "module.common",
      "mode": "managed",
      "type": "aws_default_subnet",
      "name": "default_a",
      "provider": "provider[\"registry.terraform.io/hashicorp/aws\"]",
      "instances": [
        {
          "schema_version": 1,
          "attributes": {
            "arn": "arn:aws:ec2:us-east-1:533267331969:subnet/subnet-04dcf19420ae8bcd9",
            "assign_ipv6_address_on_creation": false,
            "availability_zone": "us-east-1a",
            "availability_zone_id": "use1-az6",
            "cidr_block": "172.31.32.0/20",
            "customer_owned_ipv4_pool": "",
            "enable_dns64": false,
            "enable_lni_at_device_index": 0,
            "enable_resource_name_dns_a_record_on_launch": false,
            "enable_resource_name_dns_aaaa_record_on_launch": false,
            "existing_default_subnet": true,
            "force_destroy": false,
            "id": "subnet-04dcf19420ae8bcd9",
            "ipv6_cidr_block": "",
            "ipv6_cidr_block_association_id": "",
            "ipv6_native": false,
            "map_customer_owned_ip_on_launch": false,
            "map_public_ip_on_launch": true,
            "outpost_arn": "",
            "owner_id": "533267331969",
            "private_dns_hostname_type_on_launch": "ip-name",
            "tags": null,
            "tags_all": {},
            "timeouts": null,
            "vpc_id": "vpc-0c83a6ee27328a529"
          },
          "sensitive_attributes": [],
          "private": "eyJlMmJmYjczMC1lY2FhLTExZTYtOGY4OC0zNDM2M2JjN2M0YzAiOnsiY3JlYXRlIjo2MDAwMDAwMDAwMDAsImRlbGV0ZSI6MTIwMDAwMDAwMDAwMH0sInNjaGVtYV92ZXJzaW9uIjoiMSJ9"
        }
      ]
    },
    {
      "module": "module.common",
      "mode": "managed",
      "type": "aws_default_subnet",
      "name": "default_b",
      "provider": "provider[\"registry.terraform.io/hashicorp/aws\"]",
      "instances": [
        {
          "schema_version": 1,
          "attributes": {
            "arn": "arn:aws:ec2:us-east-1:533267331969:subnet/subnet-01b3bfe23272cac24",
            "assign_ipv6_address_on_creation": false,
            "availability_zone": "us-east-1b",
            "availability_zone_id": "use1-az1",
            "cidr_block": "172.31.0.0/20",
            "customer_owned_ipv4_pool": "",
            "enable_dns64": false,
            "enable_lni_at_device_index": 0,
            "enable_resource_name_dns_a_record_on_launch": false,
            "enable_resource_name_dns_aaaa_record_on_launch": false,
            "existing_default_subnet": true,
            "force_destroy": false,
            "id": "subnet-01b3bfe23272cac24",
            "ipv6_cidr_block": "",
            "ipv6_cidr_block_association_id": "",
            "ipv6_native": false,
            "map_customer_owned_ip_on_launch": false,
            "map_public_ip_on_launch": true,
            "outpost_arn": "",
            "owner_id": "533267331969",
            "private_dns_hostname_type_on_launch": "ip-name",
            "tags": null,
            "tags_all": {},
            "timeouts": null,
            "vpc_id": "vpc-0c83a6ee27328a529"
          },
          "sensitive_attributes": [],
          "private": "eyJlMmJmYjczMC1lY2FhLTExZTYtOGY4OC0zNDM2M2JjN2M0YzAiOnsiY3JlYXRlIjo2MDAwMDAwMDAwMDAsImRlbGV0ZSI6MTIwMDAwMDAwMDAwMH0sInNjaGVtYV92ZXJzaW9uIjoiMSJ9"
        }
      ]
    },
    {
      "module": "module.common",
      "mode": "managed",
      "type": "aws_default_vpc",
      "name": "default",
      "provider": "provider[\"registry.terraform.io/hashicorp/aws\"]",
      "instances": [
        {
          "schema_version": 1,
          "attributes": {
            "arn": "arn:aws:ec2:us-east-1:533267331969:vpc/vpc-0c83a6ee27328a529",
            "assign_generated_ipv6_cidr_block": false,
            "cidr_block": "172.31.0.0/16",
            "default_network_acl_id": "acl-0de48da002ca007a0",
            "default_route_table_id": "rtb-01ce9abd344752c9e",
            "default_security_group_id": "sg-07e69e15edd8f1220",
            "dhcp_options_id": "dopt-035a5cb34540247c5",
            "enable_dns_hostnames": true,
            "enable_dns_support": true,
            "enable_network_address_usage_metrics": false,
            "existing_default_vpc": true,
            "force_destroy": false,
            "id": "vpc-0c83a6ee27328a529",
            "instance_tenancy": "default",
            "ipv6_association_id": "",
            "ipv6_cidr_block": "",
            "ipv6_cidr_block_network_border_group": "",
            "ipv6_ipam_pool_id": "",
            "ipv6_netmask_length": 0,
            "main_route_table_id": "rtb-01ce9abd344752c9e",
            "owner_id": "533267331969",
            "tags": null,
            "tags_all": {}
          },
          "sensitive_attributes": [],
          "private": "eyJzY2hlbWFfdmVyc2lvbiI6IjEifQ=="
        }
      ]
    },
    {
      "module": "module.common",
      "mode": "managed",
      "type": "aws_ecs_cluster",
      "name": "common",
      "provider": "provider[\"registry.terraform.io/hashicorp/aws\"]",
      "instances": [
        {
          "schema_version": 0,
          "attributes": {
            "arn": "arn:aws:ecs:us-east-1:533267331969:cluster/github-microservices",
            "configuration": [],
            "id": "arn:aws:ecs:us-east-1:533267331969:cluster/github-microservices",
            "name": "github-microservices",
            "service_connect_defaults": [],
            "setting": [
              {
                "name": "containerInsights",
                "value": "disabled"
              }
            ],
            "tags": null,
            "tags_all": {}
          },
          "sensitive_attributes": [],
          "private": "bnVsbA=="
        }
      ]
    },
    {
      "module": "module.common",
      "mode": "managed",
      "type": "aws_sqs_queue",
      "name": "common",
      "provider": "provider[\"registry.terraform.io/hashicorp/aws\"]",
      "instances": [
        {
          "schema_version": 0,
          "attributes": {
            "arn": "arn:aws:sqs:us-east-1:533267331969:github-repos-to-fork",
            "content_based_deduplication": false,
            "deduplication_scope": "",
            "delay_seconds": 0,
            "fifo_queue": false,
            "fifo_throughput_limit": "",
            "id": "https://sqs.us-east-1.amazonaws.com/533267331969/github-repos-to-fork",
            "kms_data_key_reuse_period_seconds": 300,
            "kms_master_key_id": "",
            "max_message_size": 262144,
            "message_retention_seconds": 345600,
            "name": "github-repos-to-fork",
            "name_prefix": "",
            "policy": "",
            "receive_wait_time_seconds": 0,
            "redrive_allow_policy": "",
            "redrive_policy": "",
            "sqs_managed_sse_enabled": true,
            "tags": null,
            "tags_all": {},
            "url": "https://sqs.us-east-1.amazonaws.com/533267331969/github-repos-to-fork",
            "visibility_timeout_seconds": 30
          },
          "sensitive_attributes": [],
          "private": "bnVsbA=="
        }
      ]
    },
    {
      "module": "module.github-api",
      "mode": "data",
      "type": "aws_iam_policy_document",
      "name": "task_execution_role_assume_role_policy",
      "provider": "provider[\"registry.terraform.io/hashicorp/aws\"]",
      "instances": [
        {
          "schema_version": 0,
          "attributes": {
            "id": "1077804475",
            "json": "{\n  \"Version\": \"2012-10-17\",\n  \"Statement\": [\n    {\n      \"Effect\": \"Allow\",\n      \"Action\": \"sts:AssumeRole\",\n      \"Principal\": {\n        \"Service\": \"ecs-tasks.amazonaws.com\"\n      }\n    }\n  ]\n}",
            "minified_json": "{\"Version\":\"2012-10-17\",\"Statement\":[{\"Effect\":\"Allow\",\"Action\":\"sts:AssumeRole\",\"Principal\":{\"Service\":\"ecs-tasks.amazonaws.com\"}}]}",
            "override_json": null,
            "override_policy_documents": null,
            "policy_id": null,
            "source_json": null,
            "source_policy_documents": null,
            "statement": [
              {
                "actions": [
                  "sts:AssumeRole"
                ],
                "condition": [],
                "effect": "Allow",
                "not_actions": [],
                "not_principals": [],
                "not_resources": [],
                "principals": [
                  {
                    "identifiers": [
                      "ecs-tasks.amazonaws.com"
                    ],
                    "type": "Service"
                  }
                ],
                "resources": [],
                "sid": ""
              }
            ],
            "version": "2012-10-17"
          },
          "sensitive_attributes": []
        }
      ]
    },
    {
      "module": "module.github-api",
      "mode": "data",
      "type": "aws_iam_policy_document",
      "name": "task_execution_role_policy",
      "provider": "provider[\"registry.terraform.io/hashicorp/aws\"]",
      "instances": [
        {
          "schema_version": 0,
          "attributes": {
            "id": "3756650381",
            "json": "{\n  \"Version\": \"2012-10-17\",\n  \"Statement\": [\n    {\n      \"Effect\": \"Allow\",\n      \"Action\": \"sqs:*\",\n      \"Resource\": \"arn:aws:sqs:us-east-1:533267331969:github-repos-to-fork\"\n    }\n  ]\n}",
            "minified_json": "{\"Version\":\"2012-10-17\",\"Statement\":[{\"Effect\":\"Allow\",\"Action\":\"sqs:*\",\"Resource\":\"arn:aws:sqs:us-east-1:533267331969:github-repos-to-fork\"}]}",
            "override_json": null,
            "override_policy_documents": null,
            "policy_id": null,
            "source_json": null,
            "source_policy_documents": null,
            "statement": [
              {
                "actions": [
                  "sqs:*"
                ],
                "condition": [],
                "effect": "Allow",
                "not_actions": [],
                "not_principals": [],
                "not_resources": [],
                "principals": [],
                "resources": [
                  "arn:aws:sqs:us-east-1:533267331969:github-repos-to-fork"
                ],
                "sid": ""
              }
            ],
            "version": "2012-10-17"
          },
          "sensitive_attributes": []
        }
      ]
    },
    {
      "module": "module.github-api",
      "mode": "managed",
      "type": "aws_cloudwatch_log_group",
      "name": "github_api",
      "provider": "provider[\"registry.terraform.io/hashicorp/aws\"]",
      "instances": [
        {
          "schema_version": 0,
          "attributes": {
            "arn": "arn:aws:logs:us-east-1:533267331969:log-group:/ecs/service/github-api",
            "id": "/ecs/service/github-api",
            "kms_key_id": "",
            "log_group_class": "STANDARD",
            "name": "/ecs/service/github-api",
            "name_prefix": "",
            "retention_in_days": 0,
            "skip_destroy": false,
            "tags": null,
            "tags_all": {}
          },
          "sensitive_attributes": [],
          "private": "bnVsbA==",
          "dependencies": [
            "module.common.aws_default_subnet.default_a",
            "module.common.aws_default_subnet.default_b",
            "module.common.aws_default_vpc.default",
            "module.common.aws_ecs_cluster.common",
            "module.common.aws_sqs_queue.common"
          ]
        }
      ]
    },
    {
      "module": "module.github-api",
      "mode": "managed",
      "type": "aws_ecr_repository",
      "name": "github_api",
      "provider": "provider[\"registry.terraform.io/hashicorp/aws\"]",
      "instances": [
        {
          "schema_version": 0,
          "attributes": {
            "arn": "arn:aws:ecr:us-east-1:533267331969:repository/github-api",
            "encryption_configuration": [
              {
                "encryption_type": "AES256",
                "kms_key": ""
              }
            ],
            "force_delete": null,
            "id": "github-api",
            "image_scanning_configuration": [
              {
                "scan_on_push": false
              }
            ],
            "image_tag_mutability": "MUTABLE",
            "name": "github-api",
            "registry_id": "533267331969",
            "repository_url": "533267331969.dkr.ecr.us-east-1.amazonaws.com/github-api",
            "tags": null,
            "tags_all": {},
            "timeouts": null
          },
          "sensitive_attributes": [],
          "private": "eyJlMmJmYjczMC1lY2FhLTExZTYtOGY4OC0zNDM2M2JjN2M0YzAiOnsiZGVsZXRlIjoxMjAwMDAwMDAwMDAwfX0=",
          "dependencies": [
            "module.common.aws_default_subnet.default_a",
            "module.common.aws_default_subnet.default_b",
            "module.common.aws_default_vpc.default",
            "module.common.aws_ecs_cluster.common",
            "module.common.aws_sqs_queue.common"
          ]
        }
      ]
    },
    {
      "module": "module.github-api",
      "mode": "managed",
      "type": "aws_ecs_service",
      "name": "github_api",
      "provider": "provider[\"registry.terraform.io/hashicorp/aws\"]",
      "instances": [
        {
          "schema_version": 0,
          "attributes": {
            "alarms": [],
            "capacity_provider_strategy": [],
            "cluster": "arn:aws:ecs:us-east-1:533267331969:cluster/github-microservices",
            "deployment_circuit_breaker": [
              {
                "enable": false,
                "rollback": false
              }
            ],
            "deployment_controller": [
              {
                "type": "ECS"
              }
            ],
            "deployment_maximum_percent": 200,
            "deployment_minimum_healthy_percent": 100,
            "desired_count": 1,
            "enable_ecs_managed_tags": false,
            "enable_execute_command": false,
            "force_new_deployment": null,
            "health_check_grace_period_seconds": 0,
            "iam_role": "/aws-service-role/ecs.amazonaws.com/AWSServiceRoleForECS",
            "id": "arn:aws:ecs:us-east-1:533267331969:service/github-microservices/github-api-service",
            "launch_type": "FARGATE",
            "load_balancer": [
              {
                "container_name": "github-api-task",
                "container_port": 3000,
                "elb_name": "",
                "target_group_arn": "arn:aws:elasticloadbalancing:us-east-1:533267331969:targetgroup/tf-20240711182924015000000001/03d437195f4a7a22"
              }
            ],
            "name": "github-api-service",
            "network_configuration": [
              {
                "assign_public_ip": true,
                "security_groups": [
                  "sg-0d3eebc352e3f26f1"
                ],
                "subnets": [
                  "subnet-04dcf19420ae8bcd9"
                ]
              }
            ],
            "ordered_placement_strategy": [],
            "placement_constraints": [],
            "platform_version": "LATEST",
            "propagate_tags": "NONE",
            "scheduling_strategy": "REPLICA",
            "service_connect_configuration": [],
            "service_registries": [],
            "tags": null,
            "tags_all": {},
            "task_definition": "arn:aws:ecs:us-east-1:533267331969:task-definition/github-api-task:11",
            "timeouts": null,
            "triggers": {},
            "volume_configuration": [],
            "wait_for_steady_state": false
          },
          "sensitive_attributes": [],
          "private": "eyJlMmJmYjczMC1lY2FhLTExZTYtOGY4OC0zNDM2M2JjN2M0YzAiOnsiY3JlYXRlIjoxMjAwMDAwMDAwMDAwLCJkZWxldGUiOjEyMDAwMDAwMDAwMDAsInVwZGF0ZSI6MTIwMDAwMDAwMDAwMH19",
          "dependencies": [
            "module.common.aws_default_subnet.default_a",
            "module.common.aws_default_subnet.default_b",
            "module.common.aws_default_vpc.default",
            "module.common.aws_ecs_cluster.common",
            "module.common.aws_sqs_queue.common",
            "module.github-api.aws_cloudwatch_log_group.github_api",
            "module.github-api.aws_ecr_repository.github_api",
            "module.github-api.aws_ecs_task_definition.github_api",
            "module.github-api.aws_iam_role.task_execution_role",
            "module.github-api.aws_lb.github_api_lb",
            "module.github-api.aws_lb_listener.github_api_lb_listener",
            "module.github-api.aws_lb_target_group.github_api_lb_tg",
            "module.github-api.aws_security_group.github_api",
            "module.github-api.aws_security_group.load_balancer_sg",
            "module.github-api.data.aws_iam_policy_document.task_execution_role_assume_role_policy"
          ]
        }
      ]
    },
    {
      "module": "module.github-api",
      "mode": "managed",
      "type": "aws_ecs_task_definition",
      "name": "github_api",
      "provider": "provider[\"registry.terraform.io/hashicorp/aws\"]",
      "instances": [
        {
          "schema_version": 1,
          "attributes": {
            "arn": "arn:aws:ecs:us-east-1:533267331969:task-definition/github-api-task:11",
            "arn_without_revision": "arn:aws:ecs:us-east-1:533267331969:task-definition/github-api-task",
            "container_definitions": "[{\"cpu\":256,\"environment\":[{\"name\":\"AWS_REGION\",\"value\":\"us-east-1\"},{\"name\":\"FLASK_PORT\",\"value\":\"3000\"},{\"name\":\"FORK_REPO_QUEUE_URL\",\"value\":\"https://sqs.us-east-1.amazonaws.com/533267331969/github-repos-to-fork\"},{\"name\":\"GITHUB_API_VERSION\",\"value\":\"0.1.0\"}],\"essential\":true,\"image\":\"533267331969.dkr.ecr.us-east-1.amazonaws.com/github-api:0.1.0\",\"logConfiguration\":{\"logDriver\":\"awslogs\",\"options\":{\"awslogs-group\":\"/ecs/service/github-api\",\"awslogs-region\":\"us-east-1\",\"awslogs-stream-prefix\":\"ecs\"}},\"memory\":512,\"mountPoints\":[],\"name\":\"github-api-task\",\"portMappings\":[{\"containerPort\":3000,\"hostPort\":3000,\"protocol\":\"tcp\"}],\"systemControls\":[],\"volumesFrom\":[]}]",
            "cpu": "256",
            "ephemeral_storage": [],
            "execution_role_arn": "arn:aws:iam::533267331969:role/github-api-task-execution-role",
            "family": "github-api-task",
            "id": "github-api-task",
            "inference_accelerator": [],
            "ipc_mode": "",
            "memory": "512",
            "network_mode": "awsvpc",
            "pid_mode": "",
            "placement_constraints": [],
            "proxy_configuration": [],
            "requires_compatibilities": [
              "FARGATE"
            ],
            "revision": 11,
            "runtime_platform": [],
            "skip_destroy": false,
            "tags": null,
            "tags_all": {},
            "task_role_arn": "arn:aws:iam::533267331969:role/github-api-task-execution-role",
            "track_latest": false,
            "volume": []
          },
          "sensitive_attributes": [],
          "private": "eyJzY2hlbWFfdmVyc2lvbiI6IjEifQ==",
          "dependencies": [
            "module.common.aws_default_subnet.default_a",
            "module.common.aws_default_subnet.default_b",
            "module.common.aws_default_vpc.default",
            "module.common.aws_ecs_cluster.common",
            "module.common.aws_sqs_queue.common",
            "module.github-api.aws_cloudwatch_log_group.github_api",
            "module.github-api.aws_ecr_repository.github_api",
            "module.github-api.aws_iam_role.task_execution_role",
            "module.github-api.data.aws_iam_policy_document.task_execution_role_assume_role_policy"
          ]
        }
      ]
    },
    {
      "module": "module.github-api",
      "mode": "managed",
      "type": "aws_iam_role",
      "name": "task_execution_role",
      "provider": "provider[\"registry.terraform.io/hashicorp/aws\"]",
      "instances": [
        {
          "schema_version": 0,
          "attributes": {
            "arn": "arn:aws:iam::533267331969:role/github-api-task-execution-role",
            "assume_role_policy": "{\"Statement\":[{\"Action\":\"sts:AssumeRole\",\"Effect\":\"Allow\",\"Principal\":{\"Service\":\"ecs-tasks.amazonaws.com\"}}],\"Version\":\"2012-10-17\"}",
            "create_date": "2024-07-11T18:29:24Z",
            "description": "",
            "force_detach_policies": false,
            "id": "github-api-task-execution-role",
            "inline_policy": [],
            "managed_policy_arns": [],
            "max_session_duration": 3600,
            "name": "github-api-task-execution-role",
            "name_prefix": "",
            "path": "/",
            "permissions_boundary": "",
            "tags": null,
            "tags_all": {},
            "unique_id": "AROAXYKJVXOAT5CGXOA6I"
          },
          "sensitive_attributes": [],
          "private": "bnVsbA==",
          "dependencies": [
            "module.common.aws_default_subnet.default_a",
            "module.common.aws_default_subnet.default_b",
            "module.common.aws_default_vpc.default",
            "module.common.aws_ecs_cluster.common",
            "module.common.aws_sqs_queue.common",
            "module.github-api.data.aws_iam_policy_document.task_execution_role_assume_role_policy"
          ]
        }
      ]
    },
    {
      "module": "module.github-api",
      "mode": "managed",
      "type": "aws_iam_role_policy",
      "name": "task_execution_role_policy",
      "provider": "provider[\"registry.terraform.io/hashicorp/aws\"]",
      "instances": [
        {
          "schema_version": 0,
          "attributes": {
            "id": "github-api-task-execution-role:github-api-task-execution-role-policy",
            "name": "github-api-task-execution-role-policy",
            "name_prefix": "",
            "policy": "{\"Version\":\"2012-10-17\",\"Statement\":[{\"Action\":\"sqs:*\",\"Effect\":\"Allow\",\"Resource\":\"arn:aws:sqs:us-east-1:533267331969:github-repos-to-fork\"}]}",
            "role": "github-api-task-execution-role"
          },
          "sensitive_attributes": [],
          "private": "bnVsbA==",
          "dependencies": [
            "module.common.aws_default_subnet.default_a",
            "module.common.aws_default_subnet.default_b",
            "module.common.aws_default_vpc.default",
            "module.common.aws_ecs_cluster.common",
            "module.common.aws_sqs_queue.common",
            "module.github-api.aws_iam_role.task_execution_role",
            "module.github-api.data.aws_iam_policy_document.task_execution_role_assume_role_policy",
            "module.github-api.data.aws_iam_policy_document.task_execution_role_policy"
          ]
        }
      ]
    },
    {
      "module": "module.github-api",
      "mode": "managed",
      "type": "aws_iam_role_policy_attachment",
      "name": "task_execution_role_policy_attachment",
      "provider": "provider[\"registry.terraform.io/hashicorp/aws\"]",
      "instances": [
        {
          "schema_version": 0,
          "attributes": {
            "id": "github-api-task-execution-role-20240711182926310800000003",
            "policy_arn": "arn:aws:iam::aws:policy/service-role/AmazonECSTaskExecutionRolePolicy",
            "role": "github-api-task-execution-role"
          },
          "sensitive_attributes": [],
          "private": "bnVsbA==",
          "dependencies": [
            "module.common.aws_default_subnet.default_a",
            "module.common.aws_default_subnet.default_b",
            "module.common.aws_default_vpc.default",
            "module.common.aws_ecs_cluster.common",
            "module.common.aws_sqs_queue.common",
            "module.github-api.aws_iam_role.task_execution_role",
            "module.github-api.data.aws_iam_policy_document.task_execution_role_assume_role_policy"
          ]
        }
      ]
    },
    {
      "module": "module.github-api",
      "mode": "managed",
      "type": "aws_lb",
      "name": "github_api_lb",
      "provider": "provider[\"registry.terraform.io/hashicorp/aws\"]",
      "instances": [
        {
          "schema_version": 0,
          "attributes": {
            "access_logs": [
              {
                "bucket": "",
                "enabled": false,
                "prefix": ""
              }
            ],
            "arn": "arn:aws:elasticloadbalancing:us-east-1:533267331969:loadbalancer/app/github-api-lb/edc89de521e8076d",
            "arn_suffix": "app/github-api-lb/edc89de521e8076d",
            "client_keep_alive": 3600,
            "connection_logs": [
              {
                "bucket": "",
                "enabled": false,
                "prefix": ""
              }
            ],
            "customer_owned_ipv4_pool": "",
            "desync_mitigation_mode": "defensive",
            "dns_name": "github-api-lb-1970611902.us-east-1.elb.amazonaws.com",
            "dns_record_client_routing_policy": null,
            "drop_invalid_header_fields": false,
            "enable_cross_zone_load_balancing": true,
            "enable_deletion_protection": false,
            "enable_http2": true,
            "enable_tls_version_and_cipher_suite_headers": false,
            "enable_waf_fail_open": false,
            "enable_xff_client_port": false,
            "enforce_security_group_inbound_rules_on_private_link_traffic": "",
            "id": "arn:aws:elasticloadbalancing:us-east-1:533267331969:loadbalancer/app/github-api-lb/edc89de521e8076d",
            "idle_timeout": 60,
            "internal": false,
            "ip_address_type": "ipv4",
            "load_balancer_type": "application",
            "name": "github-api-lb",
            "name_prefix": "",
            "preserve_host_header": false,
            "security_groups": [
              "sg-06249682ccff6d3a5"
            ],
            "subnet_mapping": [
              {
                "allocation_id": "",
                "ipv6_address": "",
                "outpost_id": "",
                "private_ipv4_address": "",
                "subnet_id": "subnet-01b3bfe23272cac24"
              },
              {
                "allocation_id": "",
                "ipv6_address": "",
                "outpost_id": "",
                "private_ipv4_address": "",
                "subnet_id": "subnet-04dcf19420ae8bcd9"
              }
            ],
            "subnets": [
              "subnet-01b3bfe23272cac24",
              "subnet-04dcf19420ae8bcd9"
            ],
            "tags": null,
            "tags_all": {},
            "timeouts": null,
            "vpc_id": "vpc-0c83a6ee27328a529",
            "xff_header_processing_mode": "append",
            "zone_id": "Z35SXDOTRQ7X7K"
          },
          "sensitive_attributes": [],
          "private": "eyJlMmJmYjczMC1lY2FhLTExZTYtOGY4OC0zNDM2M2JjN2M0YzAiOnsiY3JlYXRlIjo2MDAwMDAwMDAwMDAsImRlbGV0ZSI6NjAwMDAwMDAwMDAwLCJ1cGRhdGUiOjYwMDAwMDAwMDAwMH19",
          "dependencies": [
            "module.common.aws_default_subnet.default_a",
            "module.common.aws_default_subnet.default_b",
            "module.common.aws_default_vpc.default",
            "module.common.aws_ecs_cluster.common",
            "module.common.aws_sqs_queue.common",
            "module.github-api.aws_security_group.load_balancer_sg"
          ]
        }
      ]
    },
    {
      "module": "module.github-api",
      "mode": "managed",
      "type": "aws_lb_listener",
      "name": "github_api_lb_listener",
      "provider": "provider[\"registry.terraform.io/hashicorp/aws\"]",
      "instances": [
        {
          "schema_version": 0,
          "attributes": {
            "alpn_policy": null,
            "arn": "arn:aws:elasticloadbalancing:us-east-1:533267331969:listener/app/github-api-lb/edc89de521e8076d/ce2b4ee8e6cff829",
            "certificate_arn": null,
            "default_action": [
              {
                "authenticate_cognito": [],
                "authenticate_oidc": [],
                "fixed_response": [],
                "forward": [],
                "order": 1,
                "redirect": [],
                "target_group_arn": "arn:aws:elasticloadbalancing:us-east-1:533267331969:targetgroup/tf-20240711182924015000000001/03d437195f4a7a22",
                "type": "forward"
              }
            ],
            "id": "arn:aws:elasticloadbalancing:us-east-1:533267331969:listener/app/github-api-lb/edc89de521e8076d/ce2b4ee8e6cff829",
            "load_balancer_arn": "arn:aws:elasticloadbalancing:us-east-1:533267331969:loadbalancer/app/github-api-lb/edc89de521e8076d",
            "mutual_authentication": [],
            "port": 80,
            "protocol": "HTTP",
            "ssl_policy": "",
            "tags": null,
            "tags_all": {},
            "timeouts": null
          },
          "sensitive_attributes": [],
          "private": "eyJlMmJmYjczMC1lY2FhLTExZTYtOGY4OC0zNDM2M2JjN2M0YzAiOnsiY3JlYXRlIjozMDAwMDAwMDAwMDAsInVwZGF0ZSI6MzAwMDAwMDAwMDAwfX0=",
          "dependencies": [
            "module.common.aws_default_subnet.default_a",
            "module.common.aws_default_subnet.default_b",
            "module.common.aws_default_vpc.default",
            "module.common.aws_ecs_cluster.common",
            "module.common.aws_sqs_queue.common",
            "module.github-api.aws_lb.github_api_lb",
            "module.github-api.aws_lb_target_group.github_api_lb_tg",
            "module.github-api.aws_security_group.load_balancer_sg"
          ]
        }
      ]
    },
    {
      "module": "module.github-api",
      "mode": "managed",
      "type": "aws_lb_target_group",
      "name": "github_api_lb_tg",
      "provider": "provider[\"registry.terraform.io/hashicorp/aws\"]",
      "instances": [
        {
          "schema_version": 0,
          "attributes": {
            "arn": "arn:aws:elasticloadbalancing:us-east-1:533267331969:targetgroup/tf-20240711182924015000000001/03d437195f4a7a22",
            "arn_suffix": "targetgroup/tf-20240711182924015000000001/03d437195f4a7a22",
            "connection_termination": null,
            "deregistration_delay": "300",
            "health_check": [
              {
                "enabled": true,
                "healthy_threshold": 2,
                "interval": 5,
                "matcher": "200",
                "path": "/_health",
                "port": "traffic-port",
                "protocol": "HTTP",
                "timeout": 2,
                "unhealthy_threshold": 2
              }
            ],
            "id": "arn:aws:elasticloadbalancing:us-east-1:533267331969:targetgroup/tf-20240711182924015000000001/03d437195f4a7a22",
            "ip_address_type": "ipv4",
            "lambda_multi_value_headers_enabled": false,
            "load_balancer_arns": [],
            "load_balancing_algorithm_type": "round_robin",
            "load_balancing_anomaly_mitigation": "off",
            "load_balancing_cross_zone_enabled": "use_load_balancer_configuration",
            "name": "tf-20240711182924015000000001",
            "name_prefix": "tf-",
            "port": 3000,
            "preserve_client_ip": null,
            "protocol": "HTTP",
            "protocol_version": "HTTP1",
            "proxy_protocol_v2": false,
            "slow_start": 0,
            "stickiness": [
              {
                "cookie_duration": 86400,
                "cookie_name": "",
                "enabled": false,
                "type": "lb_cookie"
              }
            ],
            "tags": null,
            "tags_all": {},
            "target_failover": [
              {
                "on_deregistration": null,
                "on_unhealthy": null
              }
            ],
            "target_health_state": [
              {
                "enable_unhealthy_connection_termination": null
              }
            ],
            "target_type": "ip",
            "vpc_id": "vpc-0c83a6ee27328a529"
          },
          "sensitive_attributes": [],
          "private": "bnVsbA==",
          "dependencies": [
            "module.common.aws_default_subnet.default_a",
            "module.common.aws_default_subnet.default_b",
            "module.common.aws_default_vpc.default",
            "module.common.aws_ecs_cluster.common",
            "module.common.aws_sqs_queue.common"
          ]
        }
      ]
    },
    {
      "module": "module.github-api",
      "mode": "managed",
      "type": "aws_security_group",
      "name": "github_api",
      "provider": "provider[\"registry.terraform.io/hashicorp/aws\"]",
      "instances": [
        {
          "schema_version": 1,
          "attributes": {
            "arn": "arn:aws:ec2:us-east-1:533267331969:security-group/sg-0d3eebc352e3f26f1",
            "description": "Managed by Terraform",
            "egress": [
              {
                "cidr_blocks": [
                  "0.0.0.0/0"
                ],
                "description": "",
                "from_port": 0,
                "ipv6_cidr_blocks": [],
                "prefix_list_ids": [],
                "protocol": "-1",
                "security_groups": [],
                "self": false,
                "to_port": 0
              }
            ],
            "id": "sg-0d3eebc352e3f26f1",
            "ingress": [
              {
                "cidr_blocks": [],
                "description": "",
                "from_port": 3000,
                "ipv6_cidr_blocks": [],
                "prefix_list_ids": [],
                "protocol": "tcp",
                "security_groups": [
                  "sg-06249682ccff6d3a5"
                ],
                "self": false,
                "to_port": 3000
              }
            ],
            "name": "ecs-sg",
            "name_prefix": "",
            "owner_id": "533267331969",
            "revoke_rules_on_delete": false,
            "tags": null,
            "tags_all": {},
            "timeouts": null,
            "vpc_id": "vpc-0c83a6ee27328a529"
          },
          "sensitive_attributes": [],
          "private": "eyJlMmJmYjczMC1lY2FhLTExZTYtOGY4OC0zNDM2M2JjN2M0YzAiOnsiY3JlYXRlIjo2MDAwMDAwMDAwMDAsImRlbGV0ZSI6OTAwMDAwMDAwMDAwfSwic2NoZW1hX3ZlcnNpb24iOiIxIn0=",
          "dependencies": [
            "module.common.aws_default_subnet.default_a",
            "module.common.aws_default_subnet.default_b",
            "module.common.aws_default_vpc.default",
            "module.common.aws_ecs_cluster.common",
            "module.common.aws_sqs_queue.common",
            "module.github-api.aws_security_group.load_balancer_sg"
          ]
        }
      ]
    },
    {
      "module": "module.github-api",
      "mode": "managed",
      "type": "aws_security_group",
      "name": "load_balancer_sg",
      "provider": "provider[\"registry.terraform.io/hashicorp/aws\"]",
      "instances": [
        {
          "schema_version": 1,
          "attributes": {
            "arn": "arn:aws:ec2:us-east-1:533267331969:security-group/sg-06249682ccff6d3a5",
            "description": "Managed by Terraform",
            "egress": [
              {
                "cidr_blocks": [
                  "0.0.0.0/0"
                ],
                "description": "",
                "from_port": 0,
                "ipv6_cidr_blocks": [],
                "prefix_list_ids": [],
                "protocol": "-1",
                "security_groups": [],
                "self": false,
                "to_port": 0
              }
            ],
            "id": "sg-06249682ccff6d3a5",
            "ingress": [
              {
                "cidr_blocks": [
                  "0.0.0.0/0"
                ],
                "description": "",
                "from_port": 80,
                "ipv6_cidr_blocks": [],
                "prefix_list_ids": [],
                "protocol": "tcp",
                "security_groups": [],
                "self": false,
                "to_port": 80
              }
            ],
            "name": "load-balancer-sg",
            "name_prefix": "",
            "owner_id": "533267331969",
            "revoke_rules_on_delete": false,
            "tags": null,
            "tags_all": {},
            "timeouts": null,
            "vpc_id": "vpc-0c83a6ee27328a529"
          },
          "sensitive_attributes": [],
          "private": "eyJlMmJmYjczMC1lY2FhLTExZTYtOGY4OC0zNDM2M2JjN2M0YzAiOnsiY3JlYXRlIjo2MDAwMDAwMDAwMDAsImRlbGV0ZSI6OTAwMDAwMDAwMDAwfSwic2NoZW1hX3ZlcnNpb24iOiIxIn0=",
          "dependencies": [
            "module.common.aws_default_subnet.default_a",
            "module.common.aws_default_subnet.default_b",
            "module.common.aws_default_vpc.default",
            "module.common.aws_ecs_cluster.common",
            "module.common.aws_sqs_queue.common"
          ]
        }
      ]
    },
    {
      "module": "module.github-api",
      "mode": "managed",
      "type": "null_resource",
      "name": "push_github_api",
      "provider": "provider[\"registry.terraform.io/hashicorp/null\"]",
      "instances": [
        {
          "schema_version": 0,
          "attributes": {
            "id": "4500547821240472240",
            "triggers": {
              "version": "0.1.0"
            }
          },
          "sensitive_attributes": [],
          "dependencies": [
            "module.common.aws_default_subnet.default_a",
            "module.common.aws_default_subnet.default_b",
            "module.common.aws_default_vpc.default",
            "module.common.aws_ecs_cluster.common",
            "module.common.aws_sqs_queue.common",
            "module.github-api.aws_ecr_repository.github_api"
          ]
        }
      ]
    },
    {
      "module": "module.github-clone",
      "mode": "data",
      "type": "aws_iam_policy_document",
      "name": "task_execution_role_assume_role_policy",
      "provider": "provider[\"registry.terraform.io/hashicorp/aws\"]",
      "instances": [
        {
          "schema_version": 0,
          "attributes": {
            "id": "1077804475",
            "json": "{\n  \"Version\": \"2012-10-17\",\n  \"Statement\": [\n    {\n      \"Effect\": \"Allow\",\n      \"Action\": \"sts:AssumeRole\",\n      \"Principal\": {\n        \"Service\": \"ecs-tasks.amazonaws.com\"\n      }\n    }\n  ]\n}",
            "minified_json": "{\"Version\":\"2012-10-17\",\"Statement\":[{\"Effect\":\"Allow\",\"Action\":\"sts:AssumeRole\",\"Principal\":{\"Service\":\"ecs-tasks.amazonaws.com\"}}]}",
            "override_json": null,
            "override_policy_documents": null,
            "policy_id": null,
            "source_json": null,
            "source_policy_documents": null,
            "statement": [
              {
                "actions": [
                  "sts:AssumeRole"
                ],
                "condition": [],
                "effect": "Allow",
                "not_actions": [],
                "not_principals": [],
                "not_resources": [],
                "principals": [
                  {
                    "identifiers": [
                      "ecs-tasks.amazonaws.com"
                    ],
                    "type": "Service"
                  }
                ],
                "resources": [],
                "sid": ""
              }
            ],
            "version": "2012-10-17"
          },
          "sensitive_attributes": []
        }
      ]
    },
    {
      "module": "module.github-clone",
      "mode": "data",
      "type": "aws_iam_policy_document",
      "name": "task_execution_role_policy",
      "provider": "provider[\"registry.terraform.io/hashicorp/aws\"]",
      "instances": [
        {
          "schema_version": 0,
          "attributes": {
            "id": "789083514",
            "json": "{\n  \"Version\": \"2012-10-17\",\n  \"Statement\": [\n    {\n      \"Effect\": \"Allow\",\n      \"Action\": [\n        \"sqs:*\",\n        \"s3:*\"\n      ],\n      \"Resource\": \"*\"\n    }\n  ]\n}",
            "minified_json": "{\"Version\":\"2012-10-17\",\"Statement\":[{\"Effect\":\"Allow\",\"Action\":[\"sqs:*\",\"s3:*\"],\"Resource\":\"*\"}]}",
            "override_json": null,
            "override_policy_documents": null,
            "policy_id": null,
            "source_json": null,
            "source_policy_documents": null,
            "statement": [
              {
                "actions": [
                  "s3:*",
                  "sqs:*"
                ],
                "condition": [],
                "effect": "Allow",
                "not_actions": [],
                "not_principals": [],
                "not_resources": [],
                "principals": [],
                "resources": [
                  "*"
                ],
                "sid": ""
              }
            ],
            "version": "2012-10-17"
          },
          "sensitive_attributes": []
        }
      ]
    },
    {
      "module": "module.github-clone",
      "mode": "managed",
      "type": "aws_cloudwatch_log_group",
      "name": "github_clone",
      "provider": "provider[\"registry.terraform.io/hashicorp/aws\"]",
      "instances": [
        {
          "schema_version": 0,
          "attributes": {
            "arn": "arn:aws:logs:us-east-1:533267331969:log-group:/ecs/service/github-clone",
            "id": "/ecs/service/github-clone",
            "kms_key_id": "",
            "log_group_class": "STANDARD",
            "name": "/ecs/service/github-clone",
            "name_prefix": "",
            "retention_in_days": 0,
            "skip_destroy": false,
            "tags": null,
            "tags_all": {}
          },
          "sensitive_attributes": [],
          "private": "bnVsbA==",
          "dependencies": [
            "module.common.aws_default_subnet.default_a",
            "module.common.aws_default_subnet.default_b",
            "module.common.aws_default_vpc.default",
            "module.common.aws_ecs_cluster.common",
            "module.common.aws_sqs_queue.common"
          ]
        }
      ]
    },
    {
      "module": "module.github-clone",
      "mode": "managed",
      "type": "aws_ecr_repository",
      "name": "github_clone",
      "provider": "provider[\"registry.terraform.io/hashicorp/aws\"]",
      "instances": [
        {
          "schema_version": 0,
          "attributes": {
            "arn": "arn:aws:ecr:us-east-1:533267331969:repository/github-clone",
            "encryption_configuration": [
              {
                "encryption_type": "AES256",
                "kms_key": ""
              }
            ],
            "force_delete": null,
            "id": "github-clone",
            "image_scanning_configuration": [
              {
                "scan_on_push": false
              }
            ],
            "image_tag_mutability": "MUTABLE",
            "name": "github-clone",
            "registry_id": "533267331969",
            "repository_url": "533267331969.dkr.ecr.us-east-1.amazonaws.com/github-clone",
            "tags": null,
            "tags_all": {},
            "timeouts": null
          },
          "sensitive_attributes": [],
          "private": "eyJlMmJmYjczMC1lY2FhLTExZTYtOGY4OC0zNDM2M2JjN2M0YzAiOnsiZGVsZXRlIjoxMjAwMDAwMDAwMDAwfX0=",
          "dependencies": [
            "module.common.aws_default_subnet.default_a",
            "module.common.aws_default_subnet.default_b",
            "module.common.aws_default_vpc.default",
            "module.common.aws_ecs_cluster.common",
            "module.common.aws_sqs_queue.common"
          ]
        }
      ]
    },
    {
      "module": "module.github-clone",
      "mode": "managed",
      "type": "aws_ecs_service",
      "name": "github_clone",
      "provider": "provider[\"registry.terraform.io/hashicorp/aws\"]",
      "instances": [
        {
          "schema_version": 0,
          "attributes": {
            "alarms": [],
            "capacity_provider_strategy": [],
            "cluster": "arn:aws:ecs:us-east-1:533267331969:cluster/github-microservices",
            "deployment_circuit_breaker": [
              {
                "enable": false,
                "rollback": false
              }
            ],
            "deployment_controller": [
              {
                "type": "ECS"
              }
            ],
            "deployment_maximum_percent": 200,
            "deployment_minimum_healthy_percent": 100,
            "desired_count": 1,
            "enable_ecs_managed_tags": false,
            "enable_execute_command": false,
            "force_new_deployment": null,
            "health_check_grace_period_seconds": 0,
            "iam_role": "/aws-service-role/ecs.amazonaws.com/AWSServiceRoleForECS",
            "id": "arn:aws:ecs:us-east-1:533267331969:service/github-microservices/github-clone-service",
            "launch_type": "FARGATE",
            "load_balancer": [],
            "name": "github-clone-service",
            "network_configuration": [
              {
                "assign_public_ip": true,
                "security_groups": [
                  "sg-04cae034f09190900"
                ],
                "subnets": [
                  "subnet-04dcf19420ae8bcd9"
                ]
              }
            ],
            "ordered_placement_strategy": [],
            "placement_constraints": [],
            "platform_version": "LATEST",
            "propagate_tags": "NONE",
            "scheduling_strategy": "REPLICA",
            "service_connect_configuration": [],
            "service_registries": [],
            "tags": null,
            "tags_all": {},
            "task_definition": "arn:aws:ecs:us-east-1:533267331969:task-definition/github-clone-task:5",
            "timeouts": null,
            "triggers": {},
            "volume_configuration": [],
            "wait_for_steady_state": false
          },
          "sensitive_attributes": [],
          "private": "eyJlMmJmYjczMC1lY2FhLTExZTYtOGY4OC0zNDM2M2JjN2M0YzAiOnsiY3JlYXRlIjoxMjAwMDAwMDAwMDAwLCJkZWxldGUiOjEyMDAwMDAwMDAwMDAsInVwZGF0ZSI6MTIwMDAwMDAwMDAwMH19",
          "dependencies": [
            "module.common.aws_default_subnet.default_a",
            "module.common.aws_default_subnet.default_b",
            "module.common.aws_default_vpc.default",
            "module.common.aws_ecs_cluster.common",
            "module.common.aws_sqs_queue.common",
            "module.github-clone.aws_cloudwatch_log_group.github_clone",
            "module.github-clone.aws_ecr_repository.github_clone",
            "module.github-clone.aws_ecs_task_definition.github_clone",
            "module.github-clone.aws_iam_role.task_execution_role",
            "module.github-clone.aws_security_group.github_clone",
            "module.github-clone.data.aws_iam_policy_document.task_execution_role_assume_role_policy"
          ]
        }
      ]
    },
    {
      "module": "module.github-clone",
      "mode": "managed",
      "type": "aws_ecs_task_definition",
      "name": "github_clone",
      "provider": "provider[\"registry.terraform.io/hashicorp/aws\"]",
      "instances": [
        {
          "schema_version": 1,
          "attributes": {
            "arn": "arn:aws:ecs:us-east-1:533267331969:task-definition/github-clone-task:5",
            "arn_without_revision": "arn:aws:ecs:us-east-1:533267331969:task-definition/github-clone-task",
            "container_definitions": "[{\"cpu\":256,\"environment\":[{\"name\":\"AWS_REGION\",\"value\":\"us-east-1\"},{\"name\":\"FORK_REPO_QUEUE_URL\",\"value\":\"https://sqs.us-east-1.amazonaws.com/533267331969/github-repos-to-fork\"},{\"name\":\"S3_BUCKET_NAME\",\"value\":\"repositories-edc1c5c1-1a23-4ca7-8458-4d70b4646318\"}],\"essential\":true,\"image\":\"533267331969.dkr.ecr.us-east-1.amazonaws.com/github-clone:0.1.0\",\"logConfiguration\":{\"logDriver\":\"awslogs\",\"options\":{\"awslogs-group\":\"/ecs/service/github-clone\",\"awslogs-region\":\"us-east-1\",\"awslogs-stream-prefix\":\"ecs\"}},\"memory\":512,\"mountPoints\":[],\"name\":\"github-clone-task\",\"portMappings\":[],\"systemControls\":[],\"volumesFrom\":[]}]",
            "cpu": "256",
            "ephemeral_storage": [],
            "execution_role_arn": "arn:aws:iam::533267331969:role/github-clone-task-execution-role",
            "family": "github-clone-task",
            "id": "github-clone-task",
            "inference_accelerator": [],
            "ipc_mode": "",
            "memory": "512",
            "network_mode": "awsvpc",
            "pid_mode": "",
            "placement_constraints": [],
            "proxy_configuration": [],
            "requires_compatibilities": [
              "FARGATE"
            ],
            "revision": 5,
            "runtime_platform": [],
            "skip_destroy": false,
            "tags": null,
            "tags_all": {},
            "task_role_arn": "arn:aws:iam::533267331969:role/github-clone-task-execution-role",
            "track_latest": false,
            "volume": []
          },
          "sensitive_attributes": [],
          "private": "eyJzY2hlbWFfdmVyc2lvbiI6IjEifQ==",
          "dependencies": [
            "module.common.aws_default_subnet.default_a",
            "module.common.aws_default_subnet.default_b",
            "module.common.aws_default_vpc.default",
            "module.common.aws_ecs_cluster.common",
            "module.common.aws_sqs_queue.common",
            "module.github-clone.aws_cloudwatch_log_group.github_clone",
            "module.github-clone.aws_ecr_repository.github_clone",
            "module.github-clone.aws_iam_role.task_execution_role",
            "module.github-clone.data.aws_iam_policy_document.task_execution_role_assume_role_policy"
          ]
        }
      ]
    },
    {
      "module": "module.github-clone",
      "mode": "managed",
      "type": "aws_iam_role",
      "name": "task_execution_role",
      "provider": "provider[\"registry.terraform.io/hashicorp/aws\"]",
      "instances": [
        {
          "schema_version": 0,
          "attributes": {
            "arn": "arn:aws:iam::533267331969:role/github-clone-task-execution-role",
            "assume_role_policy": "{\"Statement\":[{\"Action\":\"sts:AssumeRole\",\"Effect\":\"Allow\",\"Principal\":{\"Service\":\"ecs-tasks.amazonaws.com\"}}],\"Version\":\"2012-10-17\"}",
            "create_date": "2024-07-11T18:29:24Z",
            "description": "",
            "force_detach_policies": false,
            "id": "github-clone-task-execution-role",
            "inline_policy": [],
            "managed_policy_arns": [],
            "max_session_duration": 3600,
            "name": "github-clone-task-execution-role",
            "name_prefix": "",
            "path": "/",
            "permissions_boundary": "",
            "tags": null,
            "tags_all": {},
            "unique_id": "AROAXYKJVXOAXYDAIMV43"
          },
          "sensitive_attributes": [],
          "private": "bnVsbA==",
          "dependencies": [
            "module.common.aws_default_subnet.default_a",
            "module.common.aws_default_subnet.default_b",
            "module.common.aws_default_vpc.default",
            "module.common.aws_ecs_cluster.common",
            "module.common.aws_sqs_queue.common",
            "module.github-clone.data.aws_iam_policy_document.task_execution_role_assume_role_policy"
          ]
        }
      ]
    },
    {
      "module": "module.github-clone",
      "mode": "managed",
      "type": "aws_iam_role_policy",
      "name": "task_execution_role_policy",
      "provider": "provider[\"registry.terraform.io/hashicorp/aws\"]",
      "instances": [
        {
          "schema_version": 0,
          "attributes": {
            "id": "github-clone-task-execution-role:github-clone-task-execution-role-policy",
            "name": "github-clone-task-execution-role-policy",
            "name_prefix": "",
            "policy": "{\"Version\":\"2012-10-17\",\"Statement\":[{\"Action\":[\"sqs:*\",\"s3:*\"],\"Effect\":\"Allow\",\"Resource\":\"*\"}]}",
            "role": "github-clone-task-execution-role"
          },
          "sensitive_attributes": [],
          "private": "bnVsbA==",
          "dependencies": [
            "module.common.aws_default_subnet.default_a",
            "module.common.aws_default_subnet.default_b",
            "module.common.aws_default_vpc.default",
            "module.common.aws_ecs_cluster.common",
            "module.common.aws_sqs_queue.common",
            "module.github-clone.aws_iam_role.task_execution_role",
            "module.github-clone.data.aws_iam_policy_document.task_execution_role_assume_role_policy",
            "module.github-clone.data.aws_iam_policy_document.task_execution_role_policy"
          ]
        }
      ]
    },
    {
      "module": "module.github-clone",
      "mode": "managed",
      "type": "aws_iam_role_policy_attachment",
      "name": "task_execution_role_policy_attachment",
      "provider": "provider[\"registry.terraform.io/hashicorp/aws\"]",
      "instances": [
        {
          "schema_version": 0,
          "attributes": {
            "id": "github-clone-task-execution-role-20240711182925689400000002",
            "policy_arn": "arn:aws:iam::aws:policy/service-role/AmazonECSTaskExecutionRolePolicy",
            "role": "github-clone-task-execution-role"
          },
          "sensitive_attributes": [],
          "private": "bnVsbA==",
          "dependencies": [
            "module.common.aws_default_subnet.default_a",
            "module.common.aws_default_subnet.default_b",
            "module.common.aws_default_vpc.default",
            "module.common.aws_ecs_cluster.common",
            "module.common.aws_sqs_queue.common",
            "module.github-clone.aws_iam_role.task_execution_role",
            "module.github-clone.data.aws_iam_policy_document.task_execution_role_assume_role_policy"
          ]
        }
      ]
    },
    {
      "module": "module.github-clone",
      "mode": "managed",
      "type": "aws_s3_bucket",
      "name": "github_clone",
      "provider": "provider[\"registry.terraform.io/hashicorp/aws\"]",
      "instances": [
        {
          "schema_version": 0,
          "attributes": {
            "acceleration_status": "",
            "acl": null,
            "arn": "arn:aws:s3:::repositories-edc1c5c1-1a23-4ca7-8458-4d70b4646318",
            "bucket": "repositories-edc1c5c1-1a23-4ca7-8458-4d70b4646318",
            "bucket_domain_name": "repositories-edc1c5c1-1a23-4ca7-8458-4d70b4646318.s3.amazonaws.com",
            "bucket_prefix": "",
            "bucket_regional_domain_name": "repositories-edc1c5c1-1a23-4ca7-8458-4d70b4646318.s3.us-east-1.amazonaws.com",
            "cors_rule": [],
            "force_destroy": false,
            "grant": [
              {
                "id": "19df681ebd0624238f6b486891c711ebbb8b10b2502cb5100512a2feb51e058b",
                "permissions": [
                  "FULL_CONTROL"
                ],
                "type": "CanonicalUser",
                "uri": ""
              }
            ],
            "hosted_zone_id": "Z3AQBSTGFYJSTF",
            "id": "repositories-edc1c5c1-1a23-4ca7-8458-4d70b4646318",
            "lifecycle_rule": [],
            "logging": [],
            "object_lock_configuration": [],
            "object_lock_enabled": false,
            "policy": "",
            "region": "us-east-1",
            "replication_configuration": [],
            "request_payer": "BucketOwner",
            "server_side_encryption_configuration": [
              {
                "rule": [
                  {
                    "apply_server_side_encryption_by_default": [
                      {
                        "kms_master_key_id": "",
                        "sse_algorithm": "AES256"
                      }
                    ],
                    "bucket_key_enabled": false
                  }
                ]
              }
            ],
            "tags": null,
            "tags_all": {},
            "timeouts": null,
            "versioning": [
              {
                "enabled": false,
                "mfa_delete": false
              }
            ],
            "website": [],
            "website_domain": null,
            "website_endpoint": null
          },
          "sensitive_attributes": [],
          "private": "eyJlMmJmYjczMC1lY2FhLTExZTYtOGY4OC0zNDM2M2JjN2M0YzAiOnsiY3JlYXRlIjoxMjAwMDAwMDAwMDAwLCJkZWxldGUiOjM2MDAwMDAwMDAwMDAsInJlYWQiOjEyMDAwMDAwMDAwMDAsInVwZGF0ZSI6MTIwMDAwMDAwMDAwMH19",
          "dependencies": [
            "module.common.aws_default_subnet.default_a",
            "module.common.aws_default_subnet.default_b",
            "module.common.aws_default_vpc.default",
            "module.common.aws_ecs_cluster.common",
            "module.common.aws_sqs_queue.common"
          ]
        }
      ]
    },
    {
      "module": "module.github-clone",
      "mode": "managed",
      "type": "aws_security_group",
      "name": "github_clone",
      "provider": "provider[\"registry.terraform.io/hashicorp/aws\"]",
      "instances": [
        {
          "schema_version": 1,
          "attributes": {
            "arn": "arn:aws:ec2:us-east-1:533267331969:security-group/sg-04cae034f09190900",
            "description": "Managed by Terraform",
            "egress": [
              {
                "cidr_blocks": [
                  "0.0.0.0/0"
                ],
                "description": "",
                "from_port": 0,
                "ipv6_cidr_blocks": [],
                "prefix_list_ids": [],
                "protocol": "-1",
                "security_groups": [],
                "self": false,
                "to_port": 0
              }
            ],
            "id": "sg-04cae034f09190900",
            "ingress": [],
            "name": "ecs-github-clone-sg",
            "name_prefix": "",
            "owner_id": "533267331969",
            "revoke_rules_on_delete": false,
            "tags": null,
            "tags_all": {},
            "timeouts": null,
            "vpc_id": "vpc-0c83a6ee27328a529"
          },
          "sensitive_attributes": [],
          "private": "eyJlMmJmYjczMC1lY2FhLTExZTYtOGY4OC0zNDM2M2JjN2M0YzAiOnsiY3JlYXRlIjo2MDAwMDAwMDAwMDAsImRlbGV0ZSI6OTAwMDAwMDAwMDAwfSwic2NoZW1hX3ZlcnNpb24iOiIxIn0=",
          "dependencies": [
            "module.common.aws_default_subnet.default_a",
            "module.common.aws_default_subnet.default_b",
            "module.common.aws_default_vpc.default",
            "module.common.aws_ecs_cluster.common",
            "module.common.aws_sqs_queue.common"
          ]
        }
      ]
    },
    {
      "module": "module.github-clone",
      "mode": "managed",
      "type": "null_resource",
      "name": "push_github_api",
      "provider": "provider[\"registry.terraform.io/hashicorp/null\"]",
      "instances": [
        {
          "schema_version": 0,
          "attributes": {
            "id": "6688462848144164109",
            "triggers": {
              "version": "0.1.0"
            }
          },
          "sensitive_attributes": [],
          "dependencies": [
            "module.common.aws_default_subnet.default_a",
            "module.common.aws_default_subnet.default_b",
            "module.common.aws_default_vpc.default",
            "module.common.aws_ecs_cluster.common",
            "module.common.aws_sqs_queue.common",
            "module.github-clone.aws_ecr_repository.github_clone"
          ]
        }
      ]
    }
  ],
  "check_results": null
}
