{
  "version": 4,
  "terraform_version": "1.8.5",
  "serial": 290,
  "lineage": "7a56db8a-5bfd-67f5-2965-c020d3cb8551",
  "outputs": {},
  "resources": [
    {
      "module": "module.common",
      "mode": "managed",
      "type": "aws_default_subnet",
      "name": "default_a",
      "provider": "provider[\"registry.terraform.io/hashicorp/aws\"]",
      "instances": [
        {
          "schema_version": 1,
          "attributes": {
            "arn": "arn:aws:ec2:us-east-1:533267331969:subnet/subnet-04dcf19420ae8bcd9",
            "assign_ipv6_address_on_creation": false,
            "availability_zone": "us-east-1a",
            "availability_zone_id": "use1-az6",
            "cidr_block": "172.31.32.0/20",
            "customer_owned_ipv4_pool": "",
            "enable_dns64": false,
            "enable_lni_at_device_index": 0,
            "enable_resource_name_dns_a_record_on_launch": false,
            "enable_resource_name_dns_aaaa_record_on_launch": false,
            "existing_default_subnet": true,
            "force_destroy": false,
            "id": "subnet-04dcf19420ae8bcd9",
            "ipv6_cidr_block": "",
            "ipv6_cidr_block_association_id": "",
            "ipv6_native": false,
            "map_customer_owned_ip_on_launch": false,
            "map_public_ip_on_launch": true,
            "outpost_arn": "",
            "owner_id": "533267331969",
            "private_dns_hostname_type_on_launch": "ip-name",
            "tags": {},
            "tags_all": {},
            "timeouts": null,
            "vpc_id": "vpc-0c83a6ee27328a529"
          },
          "sensitive_attributes": [],
          "private": "eyJlMmJmYjczMC1lY2FhLTExZTYtOGY4OC0zNDM2M2JjN2M0YzAiOnsiY3JlYXRlIjo2MDAwMDAwMDAwMDAsImRlbGV0ZSI6MTIwMDAwMDAwMDAwMH0sInNjaGVtYV92ZXJzaW9uIjoiMSJ9"
        }
      ]
    },
    {
      "module": "module.common",
      "mode": "managed",
      "type": "aws_default_subnet",
      "name": "default_b",
      "provider": "provider[\"registry.terraform.io/hashicorp/aws\"]",
      "instances": [
        {
          "schema_version": 1,
          "attributes": {
            "arn": "arn:aws:ec2:us-east-1:533267331969:subnet/subnet-01b3bfe23272cac24",
            "assign_ipv6_address_on_creation": false,
            "availability_zone": "us-east-1b",
            "availability_zone_id": "use1-az1",
            "cidr_block": "172.31.0.0/20",
            "customer_owned_ipv4_pool": "",
            "enable_dns64": false,
            "enable_lni_at_device_index": 0,
            "enable_resource_name_dns_a_record_on_launch": false,
            "enable_resource_name_dns_aaaa_record_on_launch": false,
            "existing_default_subnet": true,
            "force_destroy": false,
            "id": "subnet-01b3bfe23272cac24",
            "ipv6_cidr_block": "",
            "ipv6_cidr_block_association_id": "",
            "ipv6_native": false,
            "map_customer_owned_ip_on_launch": false,
            "map_public_ip_on_launch": true,
            "outpost_arn": "",
            "owner_id": "533267331969",
            "private_dns_hostname_type_on_launch": "ip-name",
            "tags": {},
            "tags_all": {},
            "timeouts": null,
            "vpc_id": "vpc-0c83a6ee27328a529"
          },
          "sensitive_attributes": [],
          "private": "eyJlMmJmYjczMC1lY2FhLTExZTYtOGY4OC0zNDM2M2JjN2M0YzAiOnsiY3JlYXRlIjo2MDAwMDAwMDAwMDAsImRlbGV0ZSI6MTIwMDAwMDAwMDAwMH0sInNjaGVtYV92ZXJzaW9uIjoiMSJ9"
        }
      ]
    },
    {
      "module": "module.common",
      "mode": "managed",
      "type": "aws_default_vpc",
      "name": "default",
      "provider": "provider[\"registry.terraform.io/hashicorp/aws\"]",
      "instances": [
        {
          "schema_version": 1,
          "attributes": {
            "arn": "arn:aws:ec2:us-east-1:533267331969:vpc/vpc-0c83a6ee27328a529",
            "assign_generated_ipv6_cidr_block": false,
            "cidr_block": "172.31.0.0/16",
            "default_network_acl_id": "acl-0de48da002ca007a0",
            "default_route_table_id": "rtb-01ce9abd344752c9e",
            "default_security_group_id": "sg-07e69e15edd8f1220",
            "dhcp_options_id": "dopt-035a5cb34540247c5",
            "enable_dns_hostnames": true,
            "enable_dns_support": true,
            "enable_network_address_usage_metrics": false,
            "existing_default_vpc": true,
            "force_destroy": false,
            "id": "vpc-0c83a6ee27328a529",
            "instance_tenancy": "default",
            "ipv6_association_id": "",
            "ipv6_cidr_block": "",
            "ipv6_cidr_block_network_border_group": "",
            "ipv6_ipam_pool_id": "",
            "ipv6_netmask_length": 0,
            "main_route_table_id": "rtb-01ce9abd344752c9e",
            "owner_id": "533267331969",
            "tags": {},
            "tags_all": {}
          },
          "sensitive_attributes": [],
          "private": "eyJzY2hlbWFfdmVyc2lvbiI6IjEifQ=="
        }
      ]
    },
    {
      "module": "module.common",
      "mode": "managed",
      "type": "aws_ecs_cluster",
      "name": "common",
      "provider": "provider[\"registry.terraform.io/hashicorp/aws\"]",
      "instances": [
        {
          "schema_version": 0,
          "attributes": {
            "arn": "arn:aws:ecs:us-east-1:533267331969:cluster/github-microservices",
            "configuration": [],
            "id": "arn:aws:ecs:us-east-1:533267331969:cluster/github-microservices",
            "name": "github-microservices",
            "service_connect_defaults": [],
            "setting": [
              {
                "name": "containerInsights",
                "value": "disabled"
              }
            ],
            "tags": {},
            "tags_all": {}
          },
          "sensitive_attributes": [],
          "private": "bnVsbA=="
        }
      ]
    },
    {
      "module": "module.common",
      "mode": "managed",
      "type": "aws_sqs_queue",
      "name": "common",
      "provider": "provider[\"registry.terraform.io/hashicorp/aws\"]",
      "instances": [
        {
          "schema_version": 0,
          "attributes": {
            "arn": "arn:aws:sqs:us-east-1:533267331969:github-repos-to-fork",
            "content_based_deduplication": false,
            "deduplication_scope": "",
            "delay_seconds": 0,
            "fifo_queue": false,
            "fifo_throughput_limit": "",
            "id": "https://sqs.us-east-1.amazonaws.com/533267331969/github-repos-to-fork",
            "kms_data_key_reuse_period_seconds": 300,
            "kms_master_key_id": "",
            "max_message_size": 262144,
            "message_retention_seconds": 345600,
            "name": "github-repos-to-fork",
            "name_prefix": "",
            "policy": "",
            "receive_wait_time_seconds": 0,
            "redrive_allow_policy": "",
            "redrive_policy": "",
            "sqs_managed_sse_enabled": true,
            "tags": {},
            "tags_all": {},
            "url": "https://sqs.us-east-1.amazonaws.com/533267331969/github-repos-to-fork",
            "visibility_timeout_seconds": 30
          },
          "sensitive_attributes": [],
          "private": "bnVsbA=="
        }
      ]
    },
    {
      "module": "module.github-clone",
      "mode": "data",
      "type": "aws_iam_policy_document",
      "name": "task_execution_role_assume_role_policy",
      "provider": "provider[\"registry.terraform.io/hashicorp/aws\"]",
      "instances": [
        {
          "schema_version": 0,
          "attributes": {
            "id": "1077804475",
            "json": "{\n  \"Version\": \"2012-10-17\",\n  \"Statement\": [\n    {\n      \"Effect\": \"Allow\",\n      \"Action\": \"sts:AssumeRole\",\n      \"Principal\": {\n        \"Service\": \"ecs-tasks.amazonaws.com\"\n      }\n    }\n  ]\n}",
            "minified_json": "{\"Version\":\"2012-10-17\",\"Statement\":[{\"Effect\":\"Allow\",\"Action\":\"sts:AssumeRole\",\"Principal\":{\"Service\":\"ecs-tasks.amazonaws.com\"}}]}",
            "override_json": null,
            "override_policy_documents": null,
            "policy_id": null,
            "source_json": null,
            "source_policy_documents": null,
            "statement": [
              {
                "actions": [
                  "sts:AssumeRole"
                ],
                "condition": [],
                "effect": "Allow",
                "not_actions": [],
                "not_principals": [],
                "not_resources": [],
                "principals": [
                  {
                    "identifiers": [
                      "ecs-tasks.amazonaws.com"
                    ],
                    "type": "Service"
                  }
                ],
                "resources": [],
                "sid": ""
              }
            ],
            "version": "2012-10-17"
          },
          "sensitive_attributes": []
        }
      ]
    },
    {
      "module": "module.github-clone",
      "mode": "data",
      "type": "aws_iam_policy_document",
      "name": "task_execution_role_policy",
      "provider": "provider[\"registry.terraform.io/hashicorp/aws\"]",
      "instances": [
        {
          "schema_version": 0,
          "attributes": {
            "id": "789083514",
            "json": "{\n  \"Version\": \"2012-10-17\",\n  \"Statement\": [\n    {\n      \"Effect\": \"Allow\",\n      \"Action\": [\n        \"sqs:*\",\n        \"s3:*\"\n      ],\n      \"Resource\": \"*\"\n    }\n  ]\n}",
            "minified_json": "{\"Version\":\"2012-10-17\",\"Statement\":[{\"Effect\":\"Allow\",\"Action\":[\"sqs:*\",\"s3:*\"],\"Resource\":\"*\"}]}",
            "override_json": null,
            "override_policy_documents": null,
            "policy_id": null,
            "source_json": null,
            "source_policy_documents": null,
            "statement": [
              {
                "actions": [
                  "s3:*",
                  "sqs:*"
                ],
                "condition": [],
                "effect": "Allow",
                "not_actions": [],
                "not_principals": [],
                "not_resources": [],
                "principals": [],
                "resources": [
                  "*"
                ],
                "sid": ""
              }
            ],
            "version": "2012-10-17"
          },
          "sensitive_attributes": []
        }
      ]
    },
    {
      "module": "module.github-clone",
      "mode": "managed",
      "type": "aws_cloudwatch_log_group",
      "name": "github_clone",
      "provider": "provider[\"registry.terraform.io/hashicorp/aws\"]",
      "instances": [
        {
          "schema_version": 0,
          "attributes": {
            "arn": "arn:aws:logs:us-east-1:533267331969:log-group:/ecs/service/github-clone",
            "id": "/ecs/service/github-clone",
            "kms_key_id": "",
            "log_group_class": "STANDARD",
            "name": "/ecs/service/github-clone",
            "name_prefix": "",
            "retention_in_days": 0,
            "skip_destroy": false,
            "tags": {},
            "tags_all": {}
          },
          "sensitive_attributes": [],
          "private": "bnVsbA==",
          "dependencies": [
            "module.common.aws_default_subnet.default_a",
            "module.common.aws_default_subnet.default_b",
            "module.common.aws_default_vpc.default",
            "module.common.aws_ecs_cluster.common",
            "module.common.aws_sqs_queue.common"
          ]
        }
      ]
    },
    {
      "module": "module.github-clone",
      "mode": "managed",
      "type": "aws_ecr_repository",
      "name": "github_clone",
      "provider": "provider[\"registry.terraform.io/hashicorp/aws\"]",
      "instances": [
        {
          "schema_version": 0,
          "attributes": {
            "arn": "arn:aws:ecr:us-east-1:533267331969:repository/github-clone",
            "encryption_configuration": [
              {
                "encryption_type": "AES256",
                "kms_key": ""
              }
            ],
            "force_delete": null,
            "id": "github-clone",
            "image_scanning_configuration": [
              {
                "scan_on_push": false
              }
            ],
            "image_tag_mutability": "MUTABLE",
            "name": "github-clone",
            "registry_id": "533267331969",
            "repository_url": "533267331969.dkr.ecr.us-east-1.amazonaws.com/github-clone",
            "tags": {},
            "tags_all": {},
            "timeouts": null
          },
          "sensitive_attributes": [],
          "private": "eyJlMmJmYjczMC1lY2FhLTExZTYtOGY4OC0zNDM2M2JjN2M0YzAiOnsiZGVsZXRlIjoxMjAwMDAwMDAwMDAwfX0=",
          "dependencies": [
            "module.common.aws_default_subnet.default_a",
            "module.common.aws_default_subnet.default_b",
            "module.common.aws_default_vpc.default",
            "module.common.aws_ecs_cluster.common",
            "module.common.aws_sqs_queue.common"
          ]
        }
      ]
    },
    {
      "module": "module.github-clone",
      "mode": "managed",
      "type": "aws_ecs_service",
      "name": "github_clone",
      "provider": "provider[\"registry.terraform.io/hashicorp/aws\"]",
      "instances": [
        {
          "schema_version": 0,
          "attributes": {
            "alarms": [],
            "capacity_provider_strategy": [],
            "cluster": "arn:aws:ecs:us-east-1:533267331969:cluster/github-microservices",
            "deployment_circuit_breaker": [
              {
                "enable": false,
                "rollback": false
              }
            ],
            "deployment_controller": [
              {
                "type": "ECS"
              }
            ],
            "deployment_maximum_percent": 200,
            "deployment_minimum_healthy_percent": 100,
            "desired_count": 1,
            "enable_ecs_managed_tags": false,
            "enable_execute_command": false,
            "force_new_deployment": null,
            "health_check_grace_period_seconds": 0,
            "iam_role": "/aws-service-role/ecs.amazonaws.com/AWSServiceRoleForECS",
            "id": "arn:aws:ecs:us-east-1:533267331969:service/github-microservices/github-clone-service",
            "launch_type": "FARGATE",
            "load_balancer": [],
            "name": "github-clone-service",
            "network_configuration": [
              {
                "assign_public_ip": true,
                "security_groups": [
                  "sg-077f2b7fff2c52bc4"
                ],
                "subnets": [
                  "subnet-04dcf19420ae8bcd9"
                ]
              }
            ],
            "ordered_placement_strategy": [],
            "placement_constraints": [],
            "platform_version": "LATEST",
            "propagate_tags": "NONE",
            "scheduling_strategy": "REPLICA",
            "service_connect_configuration": [],
            "service_registries": [],
            "tags": {},
            "tags_all": {},
            "task_definition": "arn:aws:ecs:us-east-1:533267331969:task-definition/github-clone-task:4",
            "timeouts": null,
            "triggers": {},
            "volume_configuration": [],
            "wait_for_steady_state": false
          },
          "sensitive_attributes": [],
          "private": "eyJlMmJmYjczMC1lY2FhLTExZTYtOGY4OC0zNDM2M2JjN2M0YzAiOnsiY3JlYXRlIjoxMjAwMDAwMDAwMDAwLCJkZWxldGUiOjEyMDAwMDAwMDAwMDAsInVwZGF0ZSI6MTIwMDAwMDAwMDAwMH19",
          "dependencies": [
            "module.common.aws_default_subnet.default_a",
            "module.common.aws_default_subnet.default_b",
            "module.common.aws_default_vpc.default",
            "module.common.aws_ecs_cluster.common",
            "module.common.aws_sqs_queue.common",
            "module.github-clone.aws_cloudwatch_log_group.github_clone",
            "module.github-clone.aws_ecr_repository.github_clone",
            "module.github-clone.aws_ecs_task_definition.github_clone",
            "module.github-clone.aws_iam_role.task_execution_role",
            "module.github-clone.aws_security_group.github_clone",
            "module.github-clone.data.aws_iam_policy_document.task_execution_role_assume_role_policy"
          ]
        }
      ]
    },
    {
      "module": "module.github-clone",
      "mode": "managed",
      "type": "aws_ecs_task_definition",
      "name": "github_clone",
      "provider": "provider[\"registry.terraform.io/hashicorp/aws\"]",
      "instances": [
        {
          "schema_version": 1,
          "attributes": {
            "arn": "arn:aws:ecs:us-east-1:533267331969:task-definition/github-clone-task:4",
            "arn_without_revision": "arn:aws:ecs:us-east-1:533267331969:task-definition/github-clone-task",
            "container_definitions": "[{\"cpu\":256,\"environment\":[{\"name\":\"AWS_REGION\",\"value\":\"us-east-1\"},{\"name\":\"FORK_REPO_QUEUE_URL\",\"value\":\"https://sqs.us-east-1.amazonaws.com/533267331969/github-repos-to-fork\"},{\"name\":\"S3_BUCKET_NAME\",\"value\":\"repositories-edc1c5c1-1a23-4ca7-8458-4d70b4646318\"}],\"essential\":true,\"image\":\"533267331969.dkr.ecr.us-east-1.amazonaws.com/github-clone:0.1.0\",\"logConfiguration\":{\"logDriver\":\"awslogs\",\"options\":{\"awslogs-group\":\"/ecs/service/github-clone\",\"awslogs-region\":\"us-east-1\",\"awslogs-stream-prefix\":\"ecs\"}},\"memory\":512,\"mountPoints\":[],\"name\":\"github-clone-task\",\"portMappings\":[],\"systemControls\":[],\"volumesFrom\":[]}]",
            "cpu": "256",
            "ephemeral_storage": [],
            "execution_role_arn": "arn:aws:iam::533267331969:role/github-clone-task-execution-role",
            "family": "github-clone-task",
            "id": "github-clone-task",
            "inference_accelerator": [],
            "ipc_mode": "",
            "memory": "512",
            "network_mode": "awsvpc",
            "pid_mode": "",
            "placement_constraints": [],
            "proxy_configuration": [],
            "requires_compatibilities": [
              "FARGATE"
            ],
            "revision": 4,
            "runtime_platform": [],
            "skip_destroy": false,
            "tags": {},
            "tags_all": {},
            "task_role_arn": "arn:aws:iam::533267331969:role/github-clone-task-execution-role",
            "track_latest": false,
            "volume": []
          },
          "sensitive_attributes": [],
          "private": "eyJzY2hlbWFfdmVyc2lvbiI6IjEifQ==",
          "dependencies": [
            "module.common.aws_default_subnet.default_a",
            "module.common.aws_default_subnet.default_b",
            "module.common.aws_default_vpc.default",
            "module.common.aws_ecs_cluster.common",
            "module.common.aws_sqs_queue.common",
            "module.github-clone.aws_cloudwatch_log_group.github_clone",
            "module.github-clone.aws_ecr_repository.github_clone",
            "module.github-clone.aws_iam_role.task_execution_role",
            "module.github-clone.data.aws_iam_policy_document.task_execution_role_assume_role_policy"
          ]
        }
      ]
    },
    {
      "module": "module.github-clone",
      "mode": "managed",
      "type": "aws_iam_role",
      "name": "task_execution_role",
      "provider": "provider[\"registry.terraform.io/hashicorp/aws\"]",
      "instances": [
        {
          "schema_version": 0,
          "attributes": {
            "arn": "arn:aws:iam::533267331969:role/github-clone-task-execution-role",
            "assume_role_policy": "{\"Statement\":[{\"Action\":\"sts:AssumeRole\",\"Effect\":\"Allow\",\"Principal\":{\"Service\":\"ecs-tasks.amazonaws.com\"}}],\"Version\":\"2012-10-17\"}",
            "create_date": "2024-07-11T17:04:01Z",
            "description": "",
            "force_detach_policies": false,
            "id": "github-clone-task-execution-role",
            "inline_policy": [
              {
                "name": "github-clone-task-execution-role-policy",
                "policy": "{\"Version\":\"2012-10-17\",\"Statement\":[{\"Action\":[\"sqs:*\",\"s3:*\"],\"Effect\":\"Allow\",\"Resource\":\"*\"}]}"
              }
            ],
            "managed_policy_arns": [
              "arn:aws:iam::aws:policy/service-role/AmazonECSTaskExecutionRolePolicy"
            ],
            "max_session_duration": 3600,
            "name": "github-clone-task-execution-role",
            "name_prefix": "",
            "path": "/",
            "permissions_boundary": "",
            "tags": {},
            "tags_all": {},
            "unique_id": "AROAXYKJVXOA6QRL4GT6H"
          },
          "sensitive_attributes": [],
          "private": "bnVsbA==",
          "dependencies": [
            "module.common.aws_default_subnet.default_a",
            "module.common.aws_default_subnet.default_b",
            "module.common.aws_default_vpc.default",
            "module.common.aws_ecs_cluster.common",
            "module.common.aws_sqs_queue.common",
            "module.github-clone.data.aws_iam_policy_document.task_execution_role_assume_role_policy"
          ]
        }
      ]
    },
    {
      "module": "module.github-clone",
      "mode": "managed",
      "type": "aws_iam_role_policy",
      "name": "task_execution_role_policy",
      "provider": "provider[\"registry.terraform.io/hashicorp/aws\"]",
      "instances": [
        {
          "schema_version": 0,
          "attributes": {
            "id": "github-clone-task-execution-role:github-clone-task-execution-role-policy",
            "name": "github-clone-task-execution-role-policy",
            "name_prefix": "",
            "policy": "{\"Version\":\"2012-10-17\",\"Statement\":[{\"Action\":[\"sqs:*\",\"s3:*\"],\"Effect\":\"Allow\",\"Resource\":\"*\"}]}",
            "role": "github-clone-task-execution-role"
          },
          "sensitive_attributes": [],
          "private": "bnVsbA==",
          "dependencies": [
            "module.common.aws_default_subnet.default_a",
            "module.common.aws_default_subnet.default_b",
            "module.common.aws_default_vpc.default",
            "module.common.aws_ecs_cluster.common",
            "module.common.aws_sqs_queue.common",
            "module.github-clone.aws_iam_role.task_execution_role",
            "module.github-clone.data.aws_iam_policy_document.task_execution_role_assume_role_policy",
            "module.github-clone.data.aws_iam_policy_document.task_execution_role_policy"
          ]
        }
      ]
    },
    {
      "module": "module.github-clone",
      "mode": "managed",
      "type": "aws_iam_role_policy_attachment",
      "name": "task_execution_role_policy_attachment",
      "provider": "provider[\"registry.terraform.io/hashicorp/aws\"]",
      "instances": [
        {
          "schema_version": 0,
          "attributes": {
            "id": "github-clone-task-execution-role-20240711170402528700000001",
            "policy_arn": "arn:aws:iam::aws:policy/service-role/AmazonECSTaskExecutionRolePolicy",
            "role": "github-clone-task-execution-role"
          },
          "sensitive_attributes": [],
          "private": "bnVsbA==",
          "dependencies": [
            "module.common.aws_default_subnet.default_a",
            "module.common.aws_default_subnet.default_b",
            "module.common.aws_default_vpc.default",
            "module.common.aws_ecs_cluster.common",
            "module.common.aws_sqs_queue.common",
            "module.github-clone.aws_iam_role.task_execution_role",
            "module.github-clone.data.aws_iam_policy_document.task_execution_role_assume_role_policy"
          ]
        }
      ]
    },
    {
      "module": "module.github-clone",
      "mode": "managed",
      "type": "aws_s3_bucket",
      "name": "github_clone",
      "provider": "provider[\"registry.terraform.io/hashicorp/aws\"]",
      "instances": [
        {
          "schema_version": 0,
          "attributes": {
            "acceleration_status": "",
            "acl": null,
            "arn": "arn:aws:s3:::repositories-edc1c5c1-1a23-4ca7-8458-4d70b4646318",
            "bucket": "repositories-edc1c5c1-1a23-4ca7-8458-4d70b4646318",
            "bucket_domain_name": "repositories-edc1c5c1-1a23-4ca7-8458-4d70b4646318.s3.amazonaws.com",
            "bucket_prefix": "",
            "bucket_regional_domain_name": "repositories-edc1c5c1-1a23-4ca7-8458-4d70b4646318.s3.us-east-1.amazonaws.com",
            "cors_rule": [],
            "force_destroy": false,
            "grant": [
              {
                "id": "19df681ebd0624238f6b486891c711ebbb8b10b2502cb5100512a2feb51e058b",
                "permissions": [
                  "FULL_CONTROL"
                ],
                "type": "CanonicalUser",
                "uri": ""
              }
            ],
            "hosted_zone_id": "Z3AQBSTGFYJSTF",
            "id": "repositories-edc1c5c1-1a23-4ca7-8458-4d70b4646318",
            "lifecycle_rule": [],
            "logging": [],
            "object_lock_configuration": [],
            "object_lock_enabled": false,
            "policy": "",
            "region": "us-east-1",
            "replication_configuration": [],
            "request_payer": "BucketOwner",
            "server_side_encryption_configuration": [
              {
                "rule": [
                  {
                    "apply_server_side_encryption_by_default": [
                      {
                        "kms_master_key_id": "",
                        "sse_algorithm": "AES256"
                      }
                    ],
                    "bucket_key_enabled": false
                  }
                ]
              }
            ],
            "tags": {},
            "tags_all": {},
            "timeouts": null,
            "versioning": [
              {
                "enabled": false,
                "mfa_delete": false
              }
            ],
            "website": [],
            "website_domain": null,
            "website_endpoint": null
          },
          "sensitive_attributes": [],
          "private": "eyJlMmJmYjczMC1lY2FhLTExZTYtOGY4OC0zNDM2M2JjN2M0YzAiOnsiY3JlYXRlIjoxMjAwMDAwMDAwMDAwLCJkZWxldGUiOjM2MDAwMDAwMDAwMDAsInJlYWQiOjEyMDAwMDAwMDAwMDAsInVwZGF0ZSI6MTIwMDAwMDAwMDAwMH19",
          "dependencies": [
            "module.common.aws_default_subnet.default_a",
            "module.common.aws_default_subnet.default_b",
            "module.common.aws_default_vpc.default",
            "module.common.aws_ecs_cluster.common",
            "module.common.aws_sqs_queue.common"
          ]
        }
      ]
    },
    {
      "module": "module.github-clone",
      "mode": "managed",
      "type": "aws_security_group",
      "name": "github_clone",
      "provider": "provider[\"registry.terraform.io/hashicorp/aws\"]",
      "instances": [
        {
          "schema_version": 1,
          "attributes": {
            "arn": "arn:aws:ec2:us-east-1:533267331969:security-group/sg-077f2b7fff2c52bc4",
            "description": "Managed by Terraform",
            "egress": [
              {
                "cidr_blocks": [
                  "0.0.0.0/0"
                ],
                "description": "",
                "from_port": 0,
                "ipv6_cidr_blocks": [],
                "prefix_list_ids": [],
                "protocol": "-1",
                "security_groups": [],
                "self": false,
                "to_port": 0
              }
            ],
            "id": "sg-077f2b7fff2c52bc4",
            "ingress": [],
            "name": "ecs-github-clone-sg",
            "name_prefix": "",
            "owner_id": "533267331969",
            "revoke_rules_on_delete": false,
            "tags": {},
            "tags_all": {},
            "timeouts": null,
            "vpc_id": "vpc-0c83a6ee27328a529"
          },
          "sensitive_attributes": [],
          "private": "eyJlMmJmYjczMC1lY2FhLTExZTYtOGY4OC0zNDM2M2JjN2M0YzAiOnsiY3JlYXRlIjo2MDAwMDAwMDAwMDAsImRlbGV0ZSI6OTAwMDAwMDAwMDAwfSwic2NoZW1hX3ZlcnNpb24iOiIxIn0=",
          "dependencies": [
            "module.common.aws_default_subnet.default_a",
            "module.common.aws_default_subnet.default_b",
            "module.common.aws_default_vpc.default",
            "module.common.aws_ecs_cluster.common",
            "module.common.aws_sqs_queue.common"
          ]
        }
      ]
    },
    {
      "module": "module.github-clone",
      "mode": "managed",
      "type": "null_resource",
      "name": "push_github_api",
      "provider": "provider[\"registry.terraform.io/hashicorp/null\"]",
      "instances": [
        {
          "schema_version": 0,
          "attributes": {
            "id": "5509017598456423512",
            "triggers": {
              "version": "0.1.0"
            }
          },
          "sensitive_attributes": [],
          "dependencies": [
            "module.common.aws_default_subnet.default_a",
            "module.common.aws_default_subnet.default_b",
            "module.common.aws_default_vpc.default",
            "module.common.aws_ecs_cluster.common",
            "module.common.aws_sqs_queue.common",
            "module.github-clone.aws_ecr_repository.github_clone"
          ]
        }
      ]
    }
  ],
  "check_results": null
}
